
Microsoft Visual Studio Solution File, Format Version 12.00
# Visual Studio Version 17
VisualStudioVersion = 17.1.32210.238
MinimumVisualStudioVersion = 10.0.40219.1
Project("{2150E333-8FDC-42A3-9474-1A3956D46DE8}") = "Api", "Api", "{77A720F6-4B60-40BD-ADB3-5BF33628B9C5}"
EndProject
Project("{9A19103F-16F7-4668-BE54-9A1E7A4F7556}") = "Epay.Api", "Api\Epay.Api\Epay.Api.csproj", "{CDAD9621-55E4-4AF6-8A3F-7CF816C64655}"
EndProject
Project("{2150E333-8FDC-42A3-9474-1A3956D46DE8}") = "Data", "Data", "{1AD6B0D9-5B2A-4A5C-9376-E30CF10814C2}"
EndProject
Project("{2150E333-8FDC-42A3-9474-1A3956D46DE8}") = "ReadModel", "ReadModel", "{8092FB43-DB7F-4D4D-B943-728BEB22C9A1}"
EndProject
Project("{2150E333-8FDC-42A3-9474-1A3956D46DE8}") = "WriteModel", "WriteModel", "{28ED5DF3-AF26-463A-BDF5-35BD989AA5D2}"
EndProject
Project("{9A19103F-16F7-4668-BE54-9A1E7A4F7556}") = "EPay.Data", "Data\EPay.Data\EPay.Data.csproj", "{8B859315-8252-4E38-8E0D-9ED0267C46EA}"
EndProject
Project("{2150E333-8FDC-42A3-9474-1A3956D46DE8}") = "SolutionItems", "SolutionItems", "{87DCE0E9-8FF6-4AE3-90D1-FF2B99F0EA86}"
	ProjectSection(SolutionItems) = preProject
		gdb.bat = gdb.bat
	EndProjectSection
EndProject
Project("{2150E333-8FDC-42A3-9474-1A3956D46DE8}") = "QueuContext", "QueuContext", "{6667DDB0-E3C7-4C8F-8708-BB881F5DF081}"
EndProject
Project("{2150E333-8FDC-42A3-9474-1A3956D46DE8}") = "Domain", "Domain", "{F2A87873-61BA-4749-B0D1-3A2A203669EA}"
EndProject
Project("{2150E333-8FDC-42A3-9474-1A3956D46DE8}") = "ApplicationService", "ApplicationService", "{6626BF5D-838C-4769-B3BE-AA6112C64D79}"
EndProject
Project("{2150E333-8FDC-42A3-9474-1A3956D46DE8}") = "Facade", "Facade", "{06802BAE-34A4-46B5-BB5C-90FD34911D9A}"
EndProject
Project("{2150E333-8FDC-42A3-9474-1A3956D46DE8}") = "Infrastructure", "Infrastructure", "{9837032A-0A87-4FAB-950E-C1FFFD52B49B}"
EndProject
Project("{9A19103F-16F7-4668-BE54-9A1E7A4F7556}") = "Epay.QueueContext.Domain", "WriteModel\Epay.QueueContext.Domain\Epay.QueueContext.Domain.csproj", "{D8F2B72B-8771-48E2-841C-5A7A15B0976E}"
EndProject
Project("{9A19103F-16F7-4668-BE54-9A1E7A4F7556}") = "Epay.QueueContext.Domain.Services", "WriteModel\Epay.QueueContext.Domain.Services\Epay.QueueContext.Domain.Services.csproj", "{EAEC806A-DCAB-47A5-A381-1A8116C1FA34}"
EndProject
Project("{9A19103F-16F7-4668-BE54-9A1E7A4F7556}") = "Epay.QueueContext.ApplicationService", "WriteModel\Epay.QueueContext.ApplicationService\Epay.QueueContext.ApplicationService.csproj", "{A7C4E860-B605-4A61-8FD2-913A3328BFF0}"
EndProject
Project("{9A19103F-16F7-4668-BE54-9A1E7A4F7556}") = "Epay.QueueContext.ApplicationService.Contracts", "WriteModel\Epay.QueueContext.ApplicationService.Contracts\Epay.QueueContext.ApplicationService.Contracts.csproj", "{A34D490B-175E-4CDD-A8C7-6ED2875D11AA}"
EndProject
Project("{9A19103F-16F7-4668-BE54-9A1E7A4F7556}") = "Epay.QueueContext.Facade", "WriteModel\Epay.QueueContext.Facade\Epay.QueueContext.Facade.csproj", "{517A5344-2243-4D55-BFE8-7CB183E1EE21}"
EndProject
Project("{9A19103F-16F7-4668-BE54-9A1E7A4F7556}") = "Epay.QueueContext.Facade.Contracts", "WriteModel\Epay.QueueContext.Facade.Contracts\Epay.QueueContext.Facade.Contracts.csproj", "{058E925F-CA19-4909-9E4E-E7A7730D8A05}"
EndProject
Project("{2150E333-8FDC-42A3-9474-1A3956D46DE8}") = "Framework", "Framework", "{4003C719-CD3D-4C4E-9B67-C1A372919293}"
EndProject
Project("{9A19103F-16F7-4668-BE54-9A1E7A4F7556}") = "Framework.Core", "Framework\Framework.Core\Framework.Core.csproj", "{5CBCADDF-011F-4BB0-84DA-3EA75B4C37F9}"
EndProject
Project("{9A19103F-16F7-4668-BE54-9A1E7A4F7556}") = "Framework.Domain", "Framework\Framework.Domain\Framework.Domain.csproj", "{A65FB59D-9272-49E1-A8E7-06654D39A542}"
EndProject
Project("{9A19103F-16F7-4668-BE54-9A1E7A4F7556}") = "Framework.ExceptionHandling", "Framework\Framework.ExceptionHandling\Framework.ExceptionHandling.csproj", "{A85E2FC9-3CD7-465B-A8A1-FF0D9516176B}"
EndProject
Project("{9A19103F-16F7-4668-BE54-9A1E7A4F7556}") = "Framework.Facade", "Framework\Framework.Facade\Framework.Facade.csproj", "{9EEB435E-38BF-4DDA-9927-DE9896823B80}"
EndProject
Project("{9A19103F-16F7-4668-BE54-9A1E7A4F7556}") = "Framework.Mapper", "Framework\Framework.Mapper\Framework.Mapper.csproj", "{BD2C57EC-9A6E-4F03-AF6B-711E3B67C384}"
EndProject
Project("{9A19103F-16F7-4668-BE54-9A1E7A4F7556}") = "Framework.AssemblyHelper", "Framework\Framework.AssemblyHelper\Framework.AssemblyHelper.csproj", "{A281EFC0-1307-451B-BDCF-706B414A4517}"
EndProject
Project("{9A19103F-16F7-4668-BE54-9A1E7A4F7556}") = "Framework.Application", "Framework\Framework.Application\Framework.Application.csproj", "{2EC12BDB-8E01-4CD3-A345-00744DC93652}"
EndProject
Project("{9A19103F-16F7-4668-BE54-9A1E7A4F7556}") = "Framework.Persistence", "Framework\Framework.Persistence\Framework.Persistence.csproj", "{6B083A1B-F8BC-4F5D-807E-23D9C05627D7}"
EndProject
Project("{9A19103F-16F7-4668-BE54-9A1E7A4F7556}") = "Framework.DependencyInjection", "Framework\Framework.DependencyInjection\Framework.DependencyInjection.csproj", "{101586DC-B76E-472F-8E71-77336CB919F3}"
EndProject
Project("{9A19103F-16F7-4668-BE54-9A1E7A4F7556}") = "Epay.Persistence", "WriteModel\Epay.Persistence\Epay.Persistence.csproj", "{9D3C41A3-7643-489E-AE3A-EF35A03EFD10}"
EndProject
Project("{9A19103F-16F7-4668-BE54-9A1E7A4F7556}") = "Epay.QueueContext.Infrastructure.Persistence", "WriteModel\Epay.QueueContext.Infrastructure.Persistence\Epay.QueueContext.Infrastructure.Persistence.csproj", "{9384703C-6D64-4342-8720-7F1DF1EDBAE1}"
EndProject
Project("{9A19103F-16F7-4668-BE54-9A1E7A4F7556}") = "Epay.QueueContext.Configuration", "WriteModel\Epay.QUeueContext.Configuration\Epay.QueueContext.Configuration.csproj", "{A60BC86C-FCA4-42F2-A515-AF462D21FC8D}"
EndProject
Project("{9A19103F-16F7-4668-BE54-9A1E7A4F7556}") = "Epay.QueueContext.Resources", "WriteModel\Epay.QueueContext.Resources\Epay.QueueContext.Resources.csproj", "{7E033618-FEDE-4A6D-8B8F-F82662F87EFD}"
EndProject
Project("{2150E333-8FDC-42A3-9474-1A3956D46DE8}") = "UserContext", "UserContext", "{E0421890-6CDB-4DC0-8513-A1509E9873C6}"
EndProject
Project("{2150E333-8FDC-42A3-9474-1A3956D46DE8}") = "ApplicationService", "ApplicationService", "{A8F6AA50-3D33-45FF-9DA7-4C7BAFEFEDAE}"
EndProject
Project("{2150E333-8FDC-42A3-9474-1A3956D46DE8}") = "Domain", "Domain", "{B02C9586-A262-41E0-B66E-DEC071467EB7}"
EndProject
Project("{2150E333-8FDC-42A3-9474-1A3956D46DE8}") = "Facade", "Facade", "{571FADAB-742F-4502-82A5-D31C453E34D7}"
EndProject
Project("{2150E333-8FDC-42A3-9474-1A3956D46DE8}") = "Infrastructure", "Infrastructure", "{07FE228B-3A99-443A-8ADD-DC548F23EF1E}"
EndProject
Project("{9A19103F-16F7-4668-BE54-9A1E7A4F7556}") = "Epay.UserContext.Configuration", "WriteModel\Epay.UserContext.Configuration\Epay.UserContext.Configuration.csproj", "{52FA8672-8C7B-4D42-B665-AA2A2261D1BA}"
EndProject
Project("{9A19103F-16F7-4668-BE54-9A1E7A4F7556}") = "Epay.UserContext.ApplicationService", "WriteModel\Epay.UserContext.ApplicationService\Epay.UserContext.ApplicationService.csproj", "{9515715E-4139-4755-9372-ACF953927BA8}"
EndProject
Project("{9A19103F-16F7-4668-BE54-9A1E7A4F7556}") = "Epay.UserContext.ApplicationService.Contracts", "WriteModel\Epay.UserContext.ApplicationService.Contracts\Epay.UserContext.ApplicationService.Contracts.csproj", "{A2C5CB07-FDA9-43EF-9B00-0BC4B68AA647}"
EndProject
Project("{9A19103F-16F7-4668-BE54-9A1E7A4F7556}") = "Epay.UserContext.Facade", "WriteModel\Epay.UserContext.Facade\Epay.UserContext.Facade.csproj", "{ED2E5113-6916-452D-A237-135D0D09F6AD}"
EndProject
Project("{9A19103F-16F7-4668-BE54-9A1E7A4F7556}") = "Epay.UserContext.Facade.Contracts", "WriteModel\Epay.UserContext.Facade.Contracts\Epay.UserContext.Facade.Contracts.csproj", "{82907EAB-6DA2-4B76-BFCA-FCEFC2D95826}"
EndProject
Project("{9A19103F-16F7-4668-BE54-9A1E7A4F7556}") = "Epay.UserContext.Infrastructure", "WriteModel\Epay.UserContext.Infrastructure\Epay.UserContext.Infrastructure.csproj", "{A23C9C12-6FEB-4D3D-948E-224A162D4165}"
EndProject
Project("{9A19103F-16F7-4668-BE54-9A1E7A4F7556}") = "Epay.UserContext.Domain.Services", "WriteModel\Epay.UserContext.Domain.Services\Epay.UserContext.Domain.Services.csproj", "{C41D182B-AAE8-477C-AD9E-BDFEE721A010}"
EndProject
Project("{9A19103F-16F7-4668-BE54-9A1E7A4F7556}") = "Epay.UserContext.Domain", "WriteModel\Epay.UserContext.Domain\Epay.UserContext.Domain.csproj", "{D78A6420-D930-4359-9325-4DE856AEF8FC}"
EndProject
Project("{9A19103F-16F7-4668-BE54-9A1E7A4F7556}") = "Epay.UserContext.Domain.Contracts", "WriteModel\Epay.UserContext.Domain.Contracts\Epay.UserContext.Domain.Contracts.csproj", "{CA020B89-92BB-49C9-87D2-2A96FDA6B649}"
EndProject
Project("{9A19103F-16F7-4668-BE54-9A1E7A4F7556}") = "Epay.QueueContext.Domain.Contracts", "WriteModel\Epay.QueueContext.Domain.Contracts\Epay.QueueContext.Domain.Contracts.csproj", "{E4D971C8-F661-41CC-9B26-CDAE36F32D76}"
EndProject
Project("{9A19103F-16F7-4668-BE54-9A1E7A4F7556}") = "Epay.ReadModel.Queries.Contracts", "ReadModel\Epay.ReadModel.Queries.Contracts\Epay.ReadModel.Queries.Contracts.csproj", "{34D63E7E-CEAE-41BF-AAA9-A4C9AF91A9FA}"
EndProject
Project("{9A19103F-16F7-4668-BE54-9A1E7A4F7556}") = "Epay.ReadModel.Queries", "ReadModel\Epay.ReadModel.Queries\Epay.ReadModel.Queries.csproj", "{B906CC52-9186-4EBE-9156-907E3EFC0BBE}"
EndProject
Project("{9A19103F-16F7-4668-BE54-9A1E7A4F7556}") = "Epay.ReadModel.Configuration", "ReadModel\Epay.ReadModel.Configuration\Epay.ReadModel.Configuration.csproj", "{01BC5400-081D-4829-B783-80E9E7146DE6}"
EndProject
Project("{9A19103F-16F7-4668-BE54-9A1E7A4F7556}") = "Epay.ReadModel.Context", "ReadModel\Epay.ReadModel.Context\Epay.ReadModel.Context.csproj", "{7096A9EA-4116-40F8-BCDD-FF89DB42F9EB}"
EndProject
Project("{2150E333-8FDC-42A3-9474-1A3956D46DE8}") = "AntiCruptionLayer", "AntiCruptionLayer", "{48A6E8AA-4A50-4DC4-AED7-ECCC644B005B}"
EndProject
Project("{9A19103F-16F7-4668-BE54-9A1E7A4F7556}") = "Epay.QueueContext.Infrastructure.AntiCruptionLayer", "WriteModel\Epay.QueueContext.Infrastructure.AntiCruptionLayer\Epay.QueueContext.Infrastructure.AntiCruptionLayer.csproj", "{439CBC83-3433-405F-8EAE-3E221C0590CE}"
EndProject
Project("{2150E333-8FDC-42A3-9474-1A3956D46DE8}") = "Constants", "Constants", "{44B040F9-E304-4A93-8DD2-926C87BB2FFF}"
EndProject
Project("{9A19103F-16F7-4668-BE54-9A1E7A4F7556}") = "Epay.Constants", "Constants\Epay.Constants\Epay.Constants.csproj", "{0F520B97-9F58-450F-BF95-06F5651ECB6C}"
EndProject
Project("{9A19103F-16F7-4668-BE54-9A1E7A4F7556}") = "Framework.Filtering", "Framework\Framework.Filtering\Framework.Filtering.csproj", "{D21DEF76-B755-41ED-ADC3-AE0F6C6ECA37}"
EndProject
Project("{9A19103F-16F7-4668-BE54-9A1E7A4F7556}") = "Framework.PushNotification", "Framework\Framework.PushNotification\Framework.PushNotification.csproj", "{61A8A6ED-4D6D-4580-8FC3-3BDF061047FC}"
EndProject
Project("{2150E333-8FDC-42A3-9474-1A3956D46DE8}") = "ProductContext", "ProductContext", "{E3E3C731-2CE2-42A5-A2B8-BDE5BA245B99}"
EndProject
Project("{2150E333-8FDC-42A3-9474-1A3956D46DE8}") = "ApplicationService", "ApplicationService", "{591513CE-D57A-413A-8D1A-D0C8D52435A6}"
EndProject
Project("{2150E333-8FDC-42A3-9474-1A3956D46DE8}") = "Facade", "Facade", "{CC455EC9-F88B-4E18-9C79-EEF26CBB6A58}"
EndProject
Project("{2150E333-8FDC-42A3-9474-1A3956D46DE8}") = "Infrastructure", "Infrastructure", "{5F5BE8FD-8D59-471F-BFC3-9980EE6A230C}"
EndProject
Project("{9A19103F-16F7-4668-BE54-9A1E7A4F7556}") = "Epay.ProductContext.ApplicationService", "WriteModel\Epay.ProductContext.ApplicationService\Epay.ProductContext.ApplicationService.csproj", "{8EAE173F-DBCE-4300-A66B-DCDDBABAC73A}"
EndProject
Project("{9A19103F-16F7-4668-BE54-9A1E7A4F7556}") = "Epay.ProductContext.ApplicationService.Contracts", "WriteModel\Epay.ProductContext.ApplicationService.Contracts\Epay.ProductContext.ApplicationService.Contracts.csproj", "{00AA04F0-DC1D-4DF8-AF0F-5E9069D97690}"
EndProject
Project("{9A19103F-16F7-4668-BE54-9A1E7A4F7556}") = "Epay.ProductContext.Facade.Contracts", "WriteModel\Epay.ProductContext.Facade.Contracts\Epay.ProductContext.Facade.Contracts.csproj", "{5978EC4D-1AAE-42D8-B3DA-5E8C05FCEF1A}"
EndProject
Project("{9A19103F-16F7-4668-BE54-9A1E7A4F7556}") = "Epay.ProductContext.Facade", "WriteModel\Epay.ProductContext.Facade\Epay.ProductContext.Facade.csproj", "{E4CAD102-EA9F-4879-A952-6C34212A996F}"
EndProject
Project("{9A19103F-16F7-4668-BE54-9A1E7A4F7556}") = "Epay.ProductContext.Infrastructure.Persistence", "WriteModel\Epay.ProductContext.Infrastructure.Persistence\Epay.ProductContext.Infrastructure.Persistence.csproj", "{1102862A-4E2D-4135-9076-20211C43DB4D}"
EndProject
Project("{9A19103F-16F7-4668-BE54-9A1E7A4F7556}") = "Epay.ProductContext.Configuration", "WriteModel\Epay.ProductContext.Configuration\Epay.ProductContext.Configuration.csproj", "{AAC7F4BD-65D7-4182-838F-BD131533FA3C}"
EndProject
Project("{2150E333-8FDC-42A3-9474-1A3956D46DE8}") = "AntiCruptionLayer", "AntiCruptionLayer", "{617B0D36-800E-475D-8F75-AEE0D374CFA0}"
EndProject
Project("{9A19103F-16F7-4668-BE54-9A1E7A4F7556}") = "Epay.ProductContext.Infrastructure.AntiCruptionLayer", "WriteModel\Epay.ProductContext.Infrastructure.AntiCruptionLayer\Epay.ProductContext.Infrastructure.AntiCruptionLayer.csproj", "{7D8B6F4B-1DD1-4B8E-8971-ACF942450BF1}"
EndProject
Project("{2150E333-8FDC-42A3-9474-1A3956D46DE8}") = "Domain", "Domain", "{36382550-DD85-4747-8CB8-A518B9891637}"
EndProject
Project("{FAE04EC0-301F-11D3-BF4B-00C04F79EFBC}") = "Epay.ProductContext.Domain", "WriteModel\Epay.ProductContext.Domain\Epay.ProductContext.Domain.csproj", "{737FA3A8-D95D-4ED4-A020-E155870B428C}"
EndProject
Project("{2150E333-8FDC-42A3-9474-1A3956D46DE8}") = "CashierContext", "CashierContext", "{11CC40AF-8AD0-4DE5-9D78-37773331F8A7}"
EndProject
Project("{FAE04EC0-301F-11D3-BF4B-00C04F79EFBC}") = "Epay.CashierContext.Repository", "WriteModel\Epay.CashierContext.Repository\Epay.CashierContext.Repository.csproj", "{1AA4D451-22E5-4B25-A5A2-3F1D1F3E4F67}"
EndProject
Project("{FAE04EC0-301F-11D3-BF4B-00C04F79EFBC}") = "Epay.CashierContext.Services", "WriteModel\Epay.CashierContext.Services\Epay.CashierContext.Services.csproj", "{A65AE485-7E3C-419A-A6A7-177C6EA52449}"
EndProject
Project("{FAE04EC0-301F-11D3-BF4B-00C04F79EFBC}") = "Epay.CashierContext.Domain", "WriteModel\Epay.CashierContext.Domain\Epay.CashierContext.Domain.csproj", "{76E218C9-6BCC-4D93-980B-93CB32D73CB1}"
EndProject
Project("{FAE04EC0-301F-11D3-BF4B-00C04F79EFBC}") = "Epay.CashierContext.Facade", "WriteModel\Epay.CashierContext.Facade\Epay.CashierContext.Facade.csproj", "{3A336597-1FBD-485B-8DF1-F8B42F29C449}"
EndProject
Project("{FAE04EC0-301F-11D3-BF4B-00C04F79EFBC}") = "Epay.CashierContext.Configuration", "WriteModel\Epay.CashierContext.Configuration\Epay.CashierContext.Configuration.csproj", "{E855993E-D17C-4D55-8608-213BF6B1942F}"
EndProject
Global
	GlobalSection(SolutionConfigurationPlatforms) = preSolution
		Debug|Any CPU = Debug|Any CPU
		Release|Any CPU = Release|Any CPU
	EndGlobalSection
	GlobalSection(ProjectConfigurationPlatforms) = postSolution
		{CDAD9621-55E4-4AF6-8A3F-7CF816C64655}.Debug|Any CPU.ActiveCfg = Debug|Any CPU
		{CDAD9621-55E4-4AF6-8A3F-7CF816C64655}.Debug|Any CPU.Build.0 = Debug|Any CPU
		{CDAD9621-55E4-4AF6-8A3F-7CF816C64655}.Release|Any CPU.ActiveCfg = Release|Any CPU
		{CDAD9621-55E4-4AF6-8A3F-7CF816C64655}.Release|Any CPU.Build.0 = Release|Any CPU
		{8B859315-8252-4E38-8E0D-9ED0267C46EA}.Debug|Any CPU.ActiveCfg = Debug|Any CPU
		{8B859315-8252-4E38-8E0D-9ED0267C46EA}.Debug|Any CPU.Build.0 = Debug|Any CPU
		{8B859315-8252-4E38-8E0D-9ED0267C46EA}.Release|Any CPU.ActiveCfg = Release|Any CPU
		{8B859315-8252-4E38-8E0D-9ED0267C46EA}.Release|Any CPU.Build.0 = Release|Any CPU
		{D8F2B72B-8771-48E2-841C-5A7A15B0976E}.Debug|Any CPU.ActiveCfg = Debug|Any CPU
		{D8F2B72B-8771-48E2-841C-5A7A15B0976E}.Debug|Any CPU.Build.0 = Debug|Any CPU
		{D8F2B72B-8771-48E2-841C-5A7A15B0976E}.Release|Any CPU.ActiveCfg = Release|Any CPU
		{D8F2B72B-8771-48E2-841C-5A7A15B0976E}.Release|Any CPU.Build.0 = Release|Any CPU
		{EAEC806A-DCAB-47A5-A381-1A8116C1FA34}.Debug|Any CPU.ActiveCfg = Debug|Any CPU
		{EAEC806A-DCAB-47A5-A381-1A8116C1FA34}.Debug|Any CPU.Build.0 = Debug|Any CPU
		{EAEC806A-DCAB-47A5-A381-1A8116C1FA34}.Release|Any CPU.ActiveCfg = Release|Any CPU
		{EAEC806A-DCAB-47A5-A381-1A8116C1FA34}.Release|Any CPU.Build.0 = Release|Any CPU
		{A7C4E860-B605-4A61-8FD2-913A3328BFF0}.Debug|Any CPU.ActiveCfg = Debug|Any CPU
		{A7C4E860-B605-4A61-8FD2-913A3328BFF0}.Debug|Any CPU.Build.0 = Debug|Any CPU
		{A7C4E860-B605-4A61-8FD2-913A3328BFF0}.Release|Any CPU.ActiveCfg = Release|Any CPU
		{A7C4E860-B605-4A61-8FD2-913A3328BFF0}.Release|Any CPU.Build.0 = Release|Any CPU
		{A34D490B-175E-4CDD-A8C7-6ED2875D11AA}.Debug|Any CPU.ActiveCfg = Debug|Any CPU
		{A34D490B-175E-4CDD-A8C7-6ED2875D11AA}.Debug|Any CPU.Build.0 = Debug|Any CPU
		{A34D490B-175E-4CDD-A8C7-6ED2875D11AA}.Release|Any CPU.ActiveCfg = Release|Any CPU
		{A34D490B-175E-4CDD-A8C7-6ED2875D11AA}.Release|Any CPU.Build.0 = Release|Any CPU
		{517A5344-2243-4D55-BFE8-7CB183E1EE21}.Debug|Any CPU.ActiveCfg = Debug|Any CPU
		{517A5344-2243-4D55-BFE8-7CB183E1EE21}.Debug|Any CPU.Build.0 = Debug|Any CPU
		{517A5344-2243-4D55-BFE8-7CB183E1EE21}.Release|Any CPU.ActiveCfg = Release|Any CPU
		{517A5344-2243-4D55-BFE8-7CB183E1EE21}.Release|Any CPU.Build.0 = Release|Any CPU
		{058E925F-CA19-4909-9E4E-E7A7730D8A05}.Debug|Any CPU.ActiveCfg = Debug|Any CPU
		{058E925F-CA19-4909-9E4E-E7A7730D8A05}.Debug|Any CPU.Build.0 = Debug|Any CPU
		{058E925F-CA19-4909-9E4E-E7A7730D8A05}.Release|Any CPU.ActiveCfg = Release|Any CPU
		{058E925F-CA19-4909-9E4E-E7A7730D8A05}.Release|Any CPU.Build.0 = Release|Any CPU
		{5CBCADDF-011F-4BB0-84DA-3EA75B4C37F9}.Debug|Any CPU.ActiveCfg = Debug|Any CPU
		{5CBCADDF-011F-4BB0-84DA-3EA75B4C37F9}.Debug|Any CPU.Build.0 = Debug|Any CPU
		{5CBCADDF-011F-4BB0-84DA-3EA75B4C37F9}.Release|Any CPU.ActiveCfg = Release|Any CPU
		{5CBCADDF-011F-4BB0-84DA-3EA75B4C37F9}.Release|Any CPU.Build.0 = Release|Any CPU
		{A65FB59D-9272-49E1-A8E7-06654D39A542}.Debug|Any CPU.ActiveCfg = Debug|Any CPU
		{A65FB59D-9272-49E1-A8E7-06654D39A542}.Debug|Any CPU.Build.0 = Debug|Any CPU
		{A65FB59D-9272-49E1-A8E7-06654D39A542}.Release|Any CPU.ActiveCfg = Release|Any CPU
		{A65FB59D-9272-49E1-A8E7-06654D39A542}.Release|Any CPU.Build.0 = Release|Any CPU
		{A85E2FC9-3CD7-465B-A8A1-FF0D9516176B}.Debug|Any CPU.ActiveCfg = Debug|Any CPU
		{A85E2FC9-3CD7-465B-A8A1-FF0D9516176B}.Debug|Any CPU.Build.0 = Debug|Any CPU
		{A85E2FC9-3CD7-465B-A8A1-FF0D9516176B}.Release|Any CPU.ActiveCfg = Release|Any CPU
		{A85E2FC9-3CD7-465B-A8A1-FF0D9516176B}.Release|Any CPU.Build.0 = Release|Any CPU
		{9EEB435E-38BF-4DDA-9927-DE9896823B80}.Debug|Any CPU.ActiveCfg = Debug|Any CPU
		{9EEB435E-38BF-4DDA-9927-DE9896823B80}.Debug|Any CPU.Build.0 = Debug|Any CPU
		{9EEB435E-38BF-4DDA-9927-DE9896823B80}.Release|Any CPU.ActiveCfg = Release|Any CPU
		{9EEB435E-38BF-4DDA-9927-DE9896823B80}.Release|Any CPU.Build.0 = Release|Any CPU
		{BD2C57EC-9A6E-4F03-AF6B-711E3B67C384}.Debug|Any CPU.ActiveCfg = Debug|Any CPU
		{BD2C57EC-9A6E-4F03-AF6B-711E3B67C384}.Debug|Any CPU.Build.0 = Debug|Any CPU
		{BD2C57EC-9A6E-4F03-AF6B-711E3B67C384}.Release|Any CPU.ActiveCfg = Release|Any CPU
		{BD2C57EC-9A6E-4F03-AF6B-711E3B67C384}.Release|Any CPU.Build.0 = Release|Any CPU
		{A281EFC0-1307-451B-BDCF-706B414A4517}.Debug|Any CPU.ActiveCfg = Debug|Any CPU
		{A281EFC0-1307-451B-BDCF-706B414A4517}.Debug|Any CPU.Build.0 = Debug|Any CPU
		{A281EFC0-1307-451B-BDCF-706B414A4517}.Release|Any CPU.ActiveCfg = Release|Any CPU
		{A281EFC0-1307-451B-BDCF-706B414A4517}.Release|Any CPU.Build.0 = Release|Any CPU
		{2EC12BDB-8E01-4CD3-A345-00744DC93652}.Debug|Any CPU.ActiveCfg = Debug|Any CPU
		{2EC12BDB-8E01-4CD3-A345-00744DC93652}.Debug|Any CPU.Build.0 = Debug|Any CPU
		{2EC12BDB-8E01-4CD3-A345-00744DC93652}.Release|Any CPU.ActiveCfg = Release|Any CPU
		{2EC12BDB-8E01-4CD3-A345-00744DC93652}.Release|Any CPU.Build.0 = Release|Any CPU
		{6B083A1B-F8BC-4F5D-807E-23D9C05627D7}.Debug|Any CPU.ActiveCfg = Debug|Any CPU
		{6B083A1B-F8BC-4F5D-807E-23D9C05627D7}.Debug|Any CPU.Build.0 = Debug|Any CPU
		{6B083A1B-F8BC-4F5D-807E-23D9C05627D7}.Release|Any CPU.ActiveCfg = Release|Any CPU
		{6B083A1B-F8BC-4F5D-807E-23D9C05627D7}.Release|Any CPU.Build.0 = Release|Any CPU
		{101586DC-B76E-472F-8E71-77336CB919F3}.Debug|Any CPU.ActiveCfg = Debug|Any CPU
		{101586DC-B76E-472F-8E71-77336CB919F3}.Debug|Any CPU.Build.0 = Debug|Any CPU
		{101586DC-B76E-472F-8E71-77336CB919F3}.Release|Any CPU.ActiveCfg = Release|Any CPU
		{101586DC-B76E-472F-8E71-77336CB919F3}.Release|Any CPU.Build.0 = Release|Any CPU
		{9D3C41A3-7643-489E-AE3A-EF35A03EFD10}.Debug|Any CPU.ActiveCfg = Debug|Any CPU
		{9D3C41A3-7643-489E-AE3A-EF35A03EFD10}.Debug|Any CPU.Build.0 = Debug|Any CPU
		{9D3C41A3-7643-489E-AE3A-EF35A03EFD10}.Release|Any CPU.ActiveCfg = Release|Any CPU
		{9D3C41A3-7643-489E-AE3A-EF35A03EFD10}.Release|Any CPU.Build.0 = Release|Any CPU
		{9384703C-6D64-4342-8720-7F1DF1EDBAE1}.Debug|Any CPU.ActiveCfg = Debug|Any CPU
		{9384703C-6D64-4342-8720-7F1DF1EDBAE1}.Debug|Any CPU.Build.0 = Debug|Any CPU
		{9384703C-6D64-4342-8720-7F1DF1EDBAE1}.Release|Any CPU.ActiveCfg = Release|Any CPU
		{9384703C-6D64-4342-8720-7F1DF1EDBAE1}.Release|Any CPU.Build.0 = Release|Any CPU
		{A60BC86C-FCA4-42F2-A515-AF462D21FC8D}.Debug|Any CPU.ActiveCfg = Debug|Any CPU
		{A60BC86C-FCA4-42F2-A515-AF462D21FC8D}.Debug|Any CPU.Build.0 = Debug|Any CPU
		{A60BC86C-FCA4-42F2-A515-AF462D21FC8D}.Release|Any CPU.ActiveCfg = Release|Any CPU
		{A60BC86C-FCA4-42F2-A515-AF462D21FC8D}.Release|Any CPU.Build.0 = Release|Any CPU
		{7E033618-FEDE-4A6D-8B8F-F82662F87EFD}.Debug|Any CPU.ActiveCfg = Debug|Any CPU
		{7E033618-FEDE-4A6D-8B8F-F82662F87EFD}.Debug|Any CPU.Build.0 = Debug|Any CPU
		{7E033618-FEDE-4A6D-8B8F-F82662F87EFD}.Release|Any CPU.ActiveCfg = Release|Any CPU
		{7E033618-FEDE-4A6D-8B8F-F82662F87EFD}.Release|Any CPU.Build.0 = Release|Any CPU
		{52FA8672-8C7B-4D42-B665-AA2A2261D1BA}.Debug|Any CPU.ActiveCfg = Debug|Any CPU
		{52FA8672-8C7B-4D42-B665-AA2A2261D1BA}.Debug|Any CPU.Build.0 = Debug|Any CPU
		{52FA8672-8C7B-4D42-B665-AA2A2261D1BA}.Release|Any CPU.ActiveCfg = Release|Any CPU
		{52FA8672-8C7B-4D42-B665-AA2A2261D1BA}.Release|Any CPU.Build.0 = Release|Any CPU
		{9515715E-4139-4755-9372-ACF953927BA8}.Debug|Any CPU.ActiveCfg = Debug|Any CPU
		{9515715E-4139-4755-9372-ACF953927BA8}.Debug|Any CPU.Build.0 = Debug|Any CPU
		{9515715E-4139-4755-9372-ACF953927BA8}.Release|Any CPU.ActiveCfg = Release|Any CPU
		{9515715E-4139-4755-9372-ACF953927BA8}.Release|Any CPU.Build.0 = Release|Any CPU
		{A2C5CB07-FDA9-43EF-9B00-0BC4B68AA647}.Debug|Any CPU.ActiveCfg = Debug|Any CPU
		{A2C5CB07-FDA9-43EF-9B00-0BC4B68AA647}.Debug|Any CPU.Build.0 = Debug|Any CPU
		{A2C5CB07-FDA9-43EF-9B00-0BC4B68AA647}.Release|Any CPU.ActiveCfg = Release|Any CPU
		{A2C5CB07-FDA9-43EF-9B00-0BC4B68AA647}.Release|Any CPU.Build.0 = Release|Any CPU
		{ED2E5113-6916-452D-A237-135D0D09F6AD}.Debug|Any CPU.ActiveCfg = Debug|Any CPU
		{ED2E5113-6916-452D-A237-135D0D09F6AD}.Debug|Any CPU.Build.0 = Debug|Any CPU
		{ED2E5113-6916-452D-A237-135D0D09F6AD}.Release|Any CPU.ActiveCfg = Release|Any CPU
		{ED2E5113-6916-452D-A237-135D0D09F6AD}.Release|Any CPU.Build.0 = Release|Any CPU
		{82907EAB-6DA2-4B76-BFCA-FCEFC2D95826}.Debug|Any CPU.ActiveCfg = Debug|Any CPU
		{82907EAB-6DA2-4B76-BFCA-FCEFC2D95826}.Debug|Any CPU.Build.0 = Debug|Any CPU
		{82907EAB-6DA2-4B76-BFCA-FCEFC2D95826}.Release|Any CPU.ActiveCfg = Release|Any CPU
		{82907EAB-6DA2-4B76-BFCA-FCEFC2D95826}.Release|Any CPU.Build.0 = Release|Any CPU
		{A23C9C12-6FEB-4D3D-948E-224A162D4165}.Debug|Any CPU.ActiveCfg = Debug|Any CPU
		{A23C9C12-6FEB-4D3D-948E-224A162D4165}.Debug|Any CPU.Build.0 = Debug|Any CPU
		{A23C9C12-6FEB-4D3D-948E-224A162D4165}.Release|Any CPU.ActiveCfg = Release|Any CPU
		{A23C9C12-6FEB-4D3D-948E-224A162D4165}.Release|Any CPU.Build.0 = Release|Any CPU
		{C41D182B-AAE8-477C-AD9E-BDFEE721A010}.Debug|Any CPU.ActiveCfg = Debug|Any CPU
		{C41D182B-AAE8-477C-AD9E-BDFEE721A010}.Debug|Any CPU.Build.0 = Debug|Any CPU
		{C41D182B-AAE8-477C-AD9E-BDFEE721A010}.Release|Any CPU.ActiveCfg = Release|Any CPU
		{C41D182B-AAE8-477C-AD9E-BDFEE721A010}.Release|Any CPU.Build.0 = Release|Any CPU
		{D78A6420-D930-4359-9325-4DE856AEF8FC}.Debug|Any CPU.ActiveCfg = Debug|Any CPU
		{D78A6420-D930-4359-9325-4DE856AEF8FC}.Debug|Any CPU.Build.0 = Debug|Any CPU
		{D78A6420-D930-4359-9325-4DE856AEF8FC}.Release|Any CPU.ActiveCfg = Release|Any CPU
		{D78A6420-D930-4359-9325-4DE856AEF8FC}.Release|Any CPU.Build.0 = Release|Any CPU
		{CA020B89-92BB-49C9-87D2-2A96FDA6B649}.Debug|Any CPU.ActiveCfg = Debug|Any CPU
		{CA020B89-92BB-49C9-87D2-2A96FDA6B649}.Debug|Any CPU.Build.0 = Debug|Any CPU
		{CA020B89-92BB-49C9-87D2-2A96FDA6B649}.Release|Any CPU.ActiveCfg = Release|Any CPU
		{CA020B89-92BB-49C9-87D2-2A96FDA6B649}.Release|Any CPU.Build.0 = Release|Any CPU
		{E4D971C8-F661-41CC-9B26-CDAE36F32D76}.Debug|Any CPU.ActiveCfg = Debug|Any CPU
		{E4D971C8-F661-41CC-9B26-CDAE36F32D76}.Debug|Any CPU.Build.0 = Debug|Any CPU
		{E4D971C8-F661-41CC-9B26-CDAE36F32D76}.Release|Any CPU.ActiveCfg = Release|Any CPU
		{E4D971C8-F661-41CC-9B26-CDAE36F32D76}.Release|Any CPU.Build.0 = Release|Any CPU
		{34D63E7E-CEAE-41BF-AAA9-A4C9AF91A9FA}.Debug|Any CPU.ActiveCfg = Debug|Any CPU
		{34D63E7E-CEAE-41BF-AAA9-A4C9AF91A9FA}.Debug|Any CPU.Build.0 = Debug|Any CPU
		{34D63E7E-CEAE-41BF-AAA9-A4C9AF91A9FA}.Release|Any CPU.ActiveCfg = Release|Any CPU
		{34D63E7E-CEAE-41BF-AAA9-A4C9AF91A9FA}.Release|Any CPU.Build.0 = Release|Any CPU
		{B906CC52-9186-4EBE-9156-907E3EFC0BBE}.Debug|Any CPU.ActiveCfg = Debug|Any CPU
		{B906CC52-9186-4EBE-9156-907E3EFC0BBE}.Debug|Any CPU.Build.0 = Debug|Any CPU
		{B906CC52-9186-4EBE-9156-907E3EFC0BBE}.Release|Any CPU.ActiveCfg = Release|Any CPU
		{B906CC52-9186-4EBE-9156-907E3EFC0BBE}.Release|Any CPU.Build.0 = Release|Any CPU
		{01BC5400-081D-4829-B783-80E9E7146DE6}.Debug|Any CPU.ActiveCfg = Debug|Any CPU
		{01BC5400-081D-4829-B783-80E9E7146DE6}.Debug|Any CPU.Build.0 = Debug|Any CPU
		{01BC5400-081D-4829-B783-80E9E7146DE6}.Release|Any CPU.ActiveCfg = Release|Any CPU
		{01BC5400-081D-4829-B783-80E9E7146DE6}.Release|Any CPU.Build.0 = Release|Any CPU
		{7096A9EA-4116-40F8-BCDD-FF89DB42F9EB}.Debug|Any CPU.ActiveCfg = Debug|Any CPU
		{7096A9EA-4116-40F8-BCDD-FF89DB42F9EB}.Debug|Any CPU.Build.0 = Debug|Any CPU
		{7096A9EA-4116-40F8-BCDD-FF89DB42F9EB}.Release|Any CPU.ActiveCfg = Release|Any CPU
		{7096A9EA-4116-40F8-BCDD-FF89DB42F9EB}.Release|Any CPU.Build.0 = Release|Any CPU
		{439CBC83-3433-405F-8EAE-3E221C0590CE}.Debug|Any CPU.ActiveCfg = Debug|Any CPU
		{439CBC83-3433-405F-8EAE-3E221C0590CE}.Debug|Any CPU.Build.0 = Debug|Any CPU
		{439CBC83-3433-405F-8EAE-3E221C0590CE}.Release|Any CPU.ActiveCfg = Release|Any CPU
		{439CBC83-3433-405F-8EAE-3E221C0590CE}.Release|Any CPU.Build.0 = Release|Any CPU
		{0F520B97-9F58-450F-BF95-06F5651ECB6C}.Debug|Any CPU.ActiveCfg = Debug|Any CPU
		{0F520B97-9F58-450F-BF95-06F5651ECB6C}.Debug|Any CPU.Build.0 = Debug|Any CPU
		{0F520B97-9F58-450F-BF95-06F5651ECB6C}.Release|Any CPU.ActiveCfg = Release|Any CPU
		{0F520B97-9F58-450F-BF95-06F5651ECB6C}.Release|Any CPU.Build.0 = Release|Any CPU
		{D21DEF76-B755-41ED-ADC3-AE0F6C6ECA37}.Debug|Any CPU.ActiveCfg = Debug|Any CPU
		{D21DEF76-B755-41ED-ADC3-AE0F6C6ECA37}.Debug|Any CPU.Build.0 = Debug|Any CPU
		{D21DEF76-B755-41ED-ADC3-AE0F6C6ECA37}.Release|Any CPU.ActiveCfg = Release|Any CPU
		{D21DEF76-B755-41ED-ADC3-AE0F6C6ECA37}.Release|Any CPU.Build.0 = Release|Any CPU
		{61A8A6ED-4D6D-4580-8FC3-3BDF061047FC}.Debug|Any CPU.ActiveCfg = Debug|Any CPU
		{61A8A6ED-4D6D-4580-8FC3-3BDF061047FC}.Debug|Any CPU.Build.0 = Debug|Any CPU
		{61A8A6ED-4D6D-4580-8FC3-3BDF061047FC}.Release|Any CPU.ActiveCfg = Release|Any CPU
		{61A8A6ED-4D6D-4580-8FC3-3BDF061047FC}.Release|Any CPU.Build.0 = Release|Any CPU
		{8EAE173F-DBCE-4300-A66B-DCDDBABAC73A}.Debug|Any CPU.ActiveCfg = Debug|Any CPU
		{8EAE173F-DBCE-4300-A66B-DCDDBABAC73A}.Debug|Any CPU.Build.0 = Debug|Any CPU
		{8EAE173F-DBCE-4300-A66B-DCDDBABAC73A}.Release|Any CPU.ActiveCfg = Release|Any CPU
		{8EAE173F-DBCE-4300-A66B-DCDDBABAC73A}.Release|Any CPU.Build.0 = Release|Any CPU
		{00AA04F0-DC1D-4DF8-AF0F-5E9069D97690}.Debug|Any CPU.ActiveCfg = Debug|Any CPU
		{00AA04F0-DC1D-4DF8-AF0F-5E9069D97690}.Debug|Any CPU.Build.0 = Debug|Any CPU
		{00AA04F0-DC1D-4DF8-AF0F-5E9069D97690}.Release|Any CPU.ActiveCfg = Release|Any CPU
		{00AA04F0-DC1D-4DF8-AF0F-5E9069D97690}.Release|Any CPU.Build.0 = Release|Any CPU
		{5978EC4D-1AAE-42D8-B3DA-5E8C05FCEF1A}.Debug|Any CPU.ActiveCfg = Debug|Any CPU
		{5978EC4D-1AAE-42D8-B3DA-5E8C05FCEF1A}.Debug|Any CPU.Build.0 = Debug|Any CPU
		{5978EC4D-1AAE-42D8-B3DA-5E8C05FCEF1A}.Release|Any CPU.ActiveCfg = Release|Any CPU
		{5978EC4D-1AAE-42D8-B3DA-5E8C05FCEF1A}.Release|Any CPU.Build.0 = Release|Any CPU
		{E4CAD102-EA9F-4879-A952-6C34212A996F}.Debug|Any CPU.ActiveCfg = Debug|Any CPU
		{E4CAD102-EA9F-4879-A952-6C34212A996F}.Debug|Any CPU.Build.0 = Debug|Any CPU
		{E4CAD102-EA9F-4879-A952-6C34212A996F}.Release|Any CPU.ActiveCfg = Release|Any CPU
		{E4CAD102-EA9F-4879-A952-6C34212A996F}.Release|Any CPU.Build.0 = Release|Any CPU
		{1102862A-4E2D-4135-9076-20211C43DB4D}.Debug|Any CPU.ActiveCfg = Debug|Any CPU
		{1102862A-4E2D-4135-9076-20211C43DB4D}.Debug|Any CPU.Build.0 = Debug|Any CPU
		{1102862A-4E2D-4135-9076-20211C43DB4D}.Release|Any CPU.ActiveCfg = Release|Any CPU
		{1102862A-4E2D-4135-9076-20211C43DB4D}.Release|Any CPU.Build.0 = Release|Any CPU
		{AAC7F4BD-65D7-4182-838F-BD131533FA3C}.Debug|Any CPU.ActiveCfg = Debug|Any CPU
		{AAC7F4BD-65D7-4182-838F-BD131533FA3C}.Debug|Any CPU.Build.0 = Debug|Any CPU
		{AAC7F4BD-65D7-4182-838F-BD131533FA3C}.Release|Any CPU.ActiveCfg = Release|Any CPU
		{AAC7F4BD-65D7-4182-838F-BD131533FA3C}.Release|Any CPU.Build.0 = Release|Any CPU
		{7D8B6F4B-1DD1-4B8E-8971-ACF942450BF1}.Debug|Any CPU.ActiveCfg = Debug|Any CPU
		{7D8B6F4B-1DD1-4B8E-8971-ACF942450BF1}.Debug|Any CPU.Build.0 = Debug|Any CPU
		{7D8B6F4B-1DD1-4B8E-8971-ACF942450BF1}.Release|Any CPU.ActiveCfg = Release|Any CPU
		{7D8B6F4B-1DD1-4B8E-8971-ACF942450BF1}.Release|Any CPU.Build.0 = Release|Any CPU
		{737FA3A8-D95D-4ED4-A020-E155870B428C}.Debug|Any CPU.ActiveCfg = Debug|Any CPU
		{737FA3A8-D95D-4ED4-A020-E155870B428C}.Debug|Any CPU.Build.0 = Debug|Any CPU
		{737FA3A8-D95D-4ED4-A020-E155870B428C}.Release|Any CPU.ActiveCfg = Release|Any CPU
		{737FA3A8-D95D-4ED4-A020-E155870B428C}.Release|Any CPU.Build.0 = Release|Any CPU
		{1AA4D451-22E5-4B25-A5A2-3F1D1F3E4F67}.Debug|Any CPU.ActiveCfg = Debug|Any CPU
		{1AA4D451-22E5-4B25-A5A2-3F1D1F3E4F67}.Debug|Any CPU.Build.0 = Debug|Any CPU
		{1AA4D451-22E5-4B25-A5A2-3F1D1F3E4F67}.Release|Any CPU.ActiveCfg = Release|Any CPU
		{1AA4D451-22E5-4B25-A5A2-3F1D1F3E4F67}.Release|Any CPU.Build.0 = Release|Any CPU
		{A65AE485-7E3C-419A-A6A7-177C6EA52449}.Debug|Any CPU.ActiveCfg = Debug|Any CPU
		{A65AE485-7E3C-419A-A6A7-177C6EA52449}.Debug|Any CPU.Build.0 = Debug|Any CPU
		{A65AE485-7E3C-419A-A6A7-177C6EA52449}.Release|Any CPU.ActiveCfg = Release|Any CPU
		{A65AE485-7E3C-419A-A6A7-177C6EA52449}.Release|Any CPU.Build.0 = Release|Any CPU
		{76E218C9-6BCC-4D93-980B-93CB32D73CB1}.Debug|Any CPU.ActiveCfg = Debug|Any CPU
		{76E218C9-6BCC-4D93-980B-93CB32D73CB1}.Debug|Any CPU.Build.0 = Debug|Any CPU
		{76E218C9-6BCC-4D93-980B-93CB32D73CB1}.Release|Any CPU.ActiveCfg = Release|Any CPU
		{76E218C9-6BCC-4D93-980B-93CB32D73CB1}.Release|Any CPU.Build.0 = Release|Any CPU
		{3A336597-1FBD-485B-8DF1-F8B42F29C449}.Debug|Any CPU.ActiveCfg = Debug|Any CPU
		{3A336597-1FBD-485B-8DF1-F8B42F29C449}.Debug|Any CPU.Build.0 = Debug|Any CPU
		{3A336597-1FBD-485B-8DF1-F8B42F29C449}.Release|Any CPU.ActiveCfg = Release|Any CPU
		{3A336597-1FBD-485B-8DF1-F8B42F29C449}.Release|Any CPU.Build.0 = Release|Any CPU
		{E855993E-D17C-4D55-8608-213BF6B1942F}.Debug|Any CPU.ActiveCfg = Debug|Any CPU
		{E855993E-D17C-4D55-8608-213BF6B1942F}.Debug|Any CPU.Build.0 = Debug|Any CPU
		{E855993E-D17C-4D55-8608-213BF6B1942F}.Release|Any CPU.ActiveCfg = Release|Any CPU
		{E855993E-D17C-4D55-8608-213BF6B1942F}.Release|Any CPU.Build.0 = Release|Any CPU
	EndGlobalSection
	GlobalSection(SolutionProperties) = preSolution
		HideSolutionNode = FALSE
	EndGlobalSection
	GlobalSection(NestedProjects) = preSolution
		{CDAD9621-55E4-4AF6-8A3F-7CF816C64655} = {77A720F6-4B60-40BD-ADB3-5BF33628B9C5}
		{8B859315-8252-4E38-8E0D-9ED0267C46EA} = {1AD6B0D9-5B2A-4A5C-9376-E30CF10814C2}
		{6667DDB0-E3C7-4C8F-8708-BB881F5DF081} = {28ED5DF3-AF26-463A-BDF5-35BD989AA5D2}
		{F2A87873-61BA-4749-B0D1-3A2A203669EA} = {6667DDB0-E3C7-4C8F-8708-BB881F5DF081}
		{6626BF5D-838C-4769-B3BE-AA6112C64D79} = {6667DDB0-E3C7-4C8F-8708-BB881F5DF081}
		{06802BAE-34A4-46B5-BB5C-90FD34911D9A} = {6667DDB0-E3C7-4C8F-8708-BB881F5DF081}
		{9837032A-0A87-4FAB-950E-C1FFFD52B49B} = {6667DDB0-E3C7-4C8F-8708-BB881F5DF081}
		{D8F2B72B-8771-48E2-841C-5A7A15B0976E} = {F2A87873-61BA-4749-B0D1-3A2A203669EA}
		{EAEC806A-DCAB-47A5-A381-1A8116C1FA34} = {F2A87873-61BA-4749-B0D1-3A2A203669EA}
		{A7C4E860-B605-4A61-8FD2-913A3328BFF0} = {6626BF5D-838C-4769-B3BE-AA6112C64D79}
		{A34D490B-175E-4CDD-A8C7-6ED2875D11AA} = {6626BF5D-838C-4769-B3BE-AA6112C64D79}
		{517A5344-2243-4D55-BFE8-7CB183E1EE21} = {06802BAE-34A4-46B5-BB5C-90FD34911D9A}
		{058E925F-CA19-4909-9E4E-E7A7730D8A05} = {06802BAE-34A4-46B5-BB5C-90FD34911D9A}
		{5CBCADDF-011F-4BB0-84DA-3EA75B4C37F9} = {4003C719-CD3D-4C4E-9B67-C1A372919293}
		{A65FB59D-9272-49E1-A8E7-06654D39A542} = {4003C719-CD3D-4C4E-9B67-C1A372919293}
		{A85E2FC9-3CD7-465B-A8A1-FF0D9516176B} = {4003C719-CD3D-4C4E-9B67-C1A372919293}
		{9EEB435E-38BF-4DDA-9927-DE9896823B80} = {4003C719-CD3D-4C4E-9B67-C1A372919293}
		{BD2C57EC-9A6E-4F03-AF6B-711E3B67C384} = {4003C719-CD3D-4C4E-9B67-C1A372919293}
		{A281EFC0-1307-451B-BDCF-706B414A4517} = {4003C719-CD3D-4C4E-9B67-C1A372919293}
		{2EC12BDB-8E01-4CD3-A345-00744DC93652} = {4003C719-CD3D-4C4E-9B67-C1A372919293}
		{6B083A1B-F8BC-4F5D-807E-23D9C05627D7} = {4003C719-CD3D-4C4E-9B67-C1A372919293}
		{101586DC-B76E-472F-8E71-77336CB919F3} = {4003C719-CD3D-4C4E-9B67-C1A372919293}
		{9D3C41A3-7643-489E-AE3A-EF35A03EFD10} = {28ED5DF3-AF26-463A-BDF5-35BD989AA5D2}
		{9384703C-6D64-4342-8720-7F1DF1EDBAE1} = {9837032A-0A87-4FAB-950E-C1FFFD52B49B}
		{A60BC86C-FCA4-42F2-A515-AF462D21FC8D} = {6667DDB0-E3C7-4C8F-8708-BB881F5DF081}
		{7E033618-FEDE-4A6D-8B8F-F82662F87EFD} = {6667DDB0-E3C7-4C8F-8708-BB881F5DF081}
		{E0421890-6CDB-4DC0-8513-A1509E9873C6} = {28ED5DF3-AF26-463A-BDF5-35BD989AA5D2}
		{A8F6AA50-3D33-45FF-9DA7-4C7BAFEFEDAE} = {E0421890-6CDB-4DC0-8513-A1509E9873C6}
		{B02C9586-A262-41E0-B66E-DEC071467EB7} = {E0421890-6CDB-4DC0-8513-A1509E9873C6}
		{571FADAB-742F-4502-82A5-D31C453E34D7} = {E0421890-6CDB-4DC0-8513-A1509E9873C6}
		{07FE228B-3A99-443A-8ADD-DC548F23EF1E} = {E0421890-6CDB-4DC0-8513-A1509E9873C6}
		{52FA8672-8C7B-4D42-B665-AA2A2261D1BA} = {E0421890-6CDB-4DC0-8513-A1509E9873C6}
		{9515715E-4139-4755-9372-ACF953927BA8} = {A8F6AA50-3D33-45FF-9DA7-4C7BAFEFEDAE}
		{A2C5CB07-FDA9-43EF-9B00-0BC4B68AA647} = {A8F6AA50-3D33-45FF-9DA7-4C7BAFEFEDAE}
		{ED2E5113-6916-452D-A237-135D0D09F6AD} = {571FADAB-742F-4502-82A5-D31C453E34D7}
		{82907EAB-6DA2-4B76-BFCA-FCEFC2D95826} = {571FADAB-742F-4502-82A5-D31C453E34D7}
		{A23C9C12-6FEB-4D3D-948E-224A162D4165} = {07FE228B-3A99-443A-8ADD-DC548F23EF1E}
		{C41D182B-AAE8-477C-AD9E-BDFEE721A010} = {B02C9586-A262-41E0-B66E-DEC071467EB7}
		{D78A6420-D930-4359-9325-4DE856AEF8FC} = {B02C9586-A262-41E0-B66E-DEC071467EB7}
		{CA020B89-92BB-49C9-87D2-2A96FDA6B649} = {B02C9586-A262-41E0-B66E-DEC071467EB7}
		{E4D971C8-F661-41CC-9B26-CDAE36F32D76} = {F2A87873-61BA-4749-B0D1-3A2A203669EA}
		{34D63E7E-CEAE-41BF-AAA9-A4C9AF91A9FA} = {8092FB43-DB7F-4D4D-B943-728BEB22C9A1}
		{B906CC52-9186-4EBE-9156-907E3EFC0BBE} = {8092FB43-DB7F-4D4D-B943-728BEB22C9A1}
		{01BC5400-081D-4829-B783-80E9E7146DE6} = {8092FB43-DB7F-4D4D-B943-728BEB22C9A1}
		{7096A9EA-4116-40F8-BCDD-FF89DB42F9EB} = {8092FB43-DB7F-4D4D-B943-728BEB22C9A1}
		{48A6E8AA-4A50-4DC4-AED7-ECCC644B005B} = {9837032A-0A87-4FAB-950E-C1FFFD52B49B}
		{439CBC83-3433-405F-8EAE-3E221C0590CE} = {48A6E8AA-4A50-4DC4-AED7-ECCC644B005B}
		{0F520B97-9F58-450F-BF95-06F5651ECB6C} = {44B040F9-E304-4A93-8DD2-926C87BB2FFF}
		{D21DEF76-B755-41ED-ADC3-AE0F6C6ECA37} = {4003C719-CD3D-4C4E-9B67-C1A372919293}
		{61A8A6ED-4D6D-4580-8FC3-3BDF061047FC} = {4003C719-CD3D-4C4E-9B67-C1A372919293}
		{E3E3C731-2CE2-42A5-A2B8-BDE5BA245B99} = {28ED5DF3-AF26-463A-BDF5-35BD989AA5D2}
		{591513CE-D57A-413A-8D1A-D0C8D52435A6} = {E3E3C731-2CE2-42A5-A2B8-BDE5BA245B99}
		{CC455EC9-F88B-4E18-9C79-EEF26CBB6A58} = {E3E3C731-2CE2-42A5-A2B8-BDE5BA245B99}
		{5F5BE8FD-8D59-471F-BFC3-9980EE6A230C} = {E3E3C731-2CE2-42A5-A2B8-BDE5BA245B99}
		{8EAE173F-DBCE-4300-A66B-DCDDBABAC73A} = {591513CE-D57A-413A-8D1A-D0C8D52435A6}
		{00AA04F0-DC1D-4DF8-AF0F-5E9069D97690} = {591513CE-D57A-413A-8D1A-D0C8D52435A6}
		{5978EC4D-1AAE-42D8-B3DA-5E8C05FCEF1A} = {CC455EC9-F88B-4E18-9C79-EEF26CBB6A58}
		{E4CAD102-EA9F-4879-A952-6C34212A996F} = {CC455EC9-F88B-4E18-9C79-EEF26CBB6A58}
		{1102862A-4E2D-4135-9076-20211C43DB4D} = {5F5BE8FD-8D59-471F-BFC3-9980EE6A230C}
		{AAC7F4BD-65D7-4182-838F-BD131533FA3C} = {E3E3C731-2CE2-42A5-A2B8-BDE5BA245B99}
		{617B0D36-800E-475D-8F75-AEE0D374CFA0} = {5F5BE8FD-8D59-471F-BFC3-9980EE6A230C}
		{7D8B6F4B-1DD1-4B8E-8971-ACF942450BF1} = {617B0D36-800E-475D-8F75-AEE0D374CFA0}
		{36382550-DD85-4747-8CB8-A518B9891637} = {E3E3C731-2CE2-42A5-A2B8-BDE5BA245B99}
		{737FA3A8-D95D-4ED4-A020-E155870B428C} = {36382550-DD85-4747-8CB8-A518B9891637}
		{11CC40AF-8AD0-4DE5-9D78-37773331F8A7} = {28ED5DF3-AF26-463A-BDF5-35BD989AA5D2}
		{1AA4D451-22E5-4B25-A5A2-3F1D1F3E4F67} = {11CC40AF-8AD0-4DE5-9D78-37773331F8A7}
		{A65AE485-7E3C-419A-A6A7-177C6EA52449} = {11CC40AF-8AD0-4DE5-9D78-37773331F8A7}
		{76E218C9-6BCC-4D93-980B-93CB32D73CB1} = {11CC40AF-8AD0-4DE5-9D78-37773331F8A7}
		{3A336597-1FBD-485B-8DF1-F8B42F29C449} = {11CC40AF-8AD0-4DE5-9D78-37773331F8A7}
		{E855993E-D17C-4D55-8608-213BF6B1942F} = {11CC40AF-8AD0-4DE5-9D78-37773331F8A7}
	EndGlobalSection
	GlobalSection(ExtensibilityGlobals) = postSolution
		SolutionGuid = {FDAB00B5-AFD6-45BE-B63D-68B7E2CA1FD9}
	EndGlobalSection
EndGlobal
